[[package]]
name = "flake8"
version = "3.9.2"
description = "the modular source code checker: pep8 pyflakes and co"
category = "dev"
optional = false
python-versions = "!=3.0.*,!=3.1.*,!=3.2.*,!=3.3.*,!=3.4.*,>=2.7"

[package.dependencies]
importlib-metadata = {version = "*", markers = "python_version < \"3.8\""}
mccabe = ">=0.6.0,<0.7.0"
pycodestyle = ">=2.7.0,<2.8.0"
pyflakes = ">=2.3.0,<2.4.0"

[[package]]
name = "hashlib"
version = "20081119"
description = "Secure hash and message digest algorithm library"
category = "main"
optional = false
python-versions = "*"

[[package]]
name = "importlib-metadata"
version = "4.5.0"
description = "Read metadata from Python packages"
category = "dev"
optional = false
python-versions = ">=3.6"

[package.dependencies]
typing-extensions = {version = ">=3.6.4", markers = "python_version < \"3.8\""}
zipp = ">=0.5"

[package.extras]
docs = ["sphinx", "jaraco.packaging (>=8.2)", "rst.linker (>=1.9)"]
testing = ["pytest (>=4.6)", "pytest-checkdocs (>=2.4)", "pytest-flake8", "pytest-cov", "pytest-enabler (>=1.0.1)", "packaging", "pep517", "pyfakefs", "flufl.flake8", "pytest-black (>=0.3.7)", "pytest-mypy", "importlib-resources (>=1.3)"]

[[package]]
name = "mccabe"
version = "0.6.1"
description = "McCabe checker, plugin for flake8"
category = "dev"
optional = false
python-versions = "*"

[[package]]
name = "pycodestyle"
version = "2.7.0"
description = "Python style guide checker"
category = "dev"
optional = false
python-versions = ">=2.7, !=3.0.*, !=3.1.*, !=3.2.*, !=3.3.*"

[[package]]
name = "pyflakes"
version = "2.3.1"
description = "passive checker of Python programs"
category = "dev"
optional = false
python-versions = ">=2.7, !=3.0.*, !=3.1.*, !=3.2.*, !=3.3.*"

[[package]]
name = "redis"
version = "3.5.3"
description = "Python client for Redis key-value store"
category = "main"
optional = false
python-versions = ">=2.7, !=3.0.*, !=3.1.*, !=3.2.*, !=3.3.*, !=3.4.*"

[package.extras]
hiredis = ["hiredis (>=0.1.3)"]

[[package]]
name = "slack-bolt"
version = "1.6.1"
description = "The Bolt Framework for Python"
category = "main"
optional = false
python-versions = ">=3.6"

[package.dependencies]
slack-sdk = ">=3.5.0,<4"

[package.extras]
async = ["aiohttp (>=3,<4)", "websockets (>=8,<9)"]
adapter = ["boto3 (<=2)", "moto (<2)", "bottle (>=0.12,<1)", "boddle (>=0.2,<0.3)", "chalice (>=1.22.4,<2)", "click (>=7,<8)", "CherryPy (>=18,<19)", "Django (>=3,<4)", "falcon (>=2,<3)", "fastapi (<1)", "Flask (>=1,<2)", "Werkzeug (<2)", "pyramid (>=1,<2)", "sanic (>=20,<21)", "starlette (>=0.13,<1)", "requests (>=2,<3)", "tornado (>=6,<7)", "uvicorn (<1)", "gunicorn (>=20,<21)", "websocket-client (>=0.57,<1)"]
testing = ["pytest (>=5,<6)", "pytest-cov (>=2,<3)", "pytest-asyncio (<1)", "aiohttp (>=3,<4)", "Flask-Sockets (>=0.2,<1)", "Werkzeug (<2)", "black (==21.5b1)"]

[[package]]
name = "slack-sdk"
version = "3.6.0"
description = "The Slack API Platform SDK for Python"
category = "main"
optional = false
python-versions = ">=3.6.0"

[package.extras]
testing = ["pytest (>=5.4,<6)", "pytest-asyncio (<1)", "Flask-Sockets (>=0.2,<1)", "pytest-cov (>=2,<3)", "codecov (>=2,<3)", "flake8 (>=3,<4)", "black (==21.5b1)", "psutil (>=5,<6)", "databases (>=0.3)"]
optional = ["aiodns (>1.0)", "aiohttp (>=3.7.3,<4)", "boto3 (<=2)", "SQLAlchemy (>=1,<2)", "websockets (>=9.1,<10)", "websocket-client (>=0.57,<1)"]

[[package]]
name = "typing-extensions"
version = "3.10.0.0"
description = "Backported and Experimental Type Hints for Python 3.5+"
category = "dev"
optional = false
python-versions = "*"

[[package]]
name = "zipp"
version = "3.4.1"
description = "Backport of pathlib-compatible object wrapper for zip files"
category = "dev"
optional = false
python-versions = ">=3.6"

[package.extras]
docs = ["sphinx", "jaraco.packaging (>=8.2)", "rst.linker (>=1.9)"]
testing = ["pytest (>=4.6)", "pytest-checkdocs (>=1.2.3)", "pytest-flake8", "pytest-cov", "pytest-enabler", "jaraco.itertools", "func-timeout", "pytest-black (>=0.3.7)", "pytest-mypy"]

[metadata]
lock-version = "1.1"
python-versions = "^3.7"
content-hash = "bf705aeb3c5046eeae58074251d864fb5ed5eef8f3a8816768e90e8a150364d4"

[metadata.files]
flake8 = [
    {file = "flake8-3.9.2-py2.py3-none-any.whl", hash = "sha256:bf8fd333346d844f616e8d47905ef3a3384edae6b4e9beb0c5101e25e3110907"},
    {file = "flake8-3.9.2.tar.gz", hash = "sha256:07528381786f2a6237b061f6e96610a4167b226cb926e2aa2b6b1d78057c576b"},
]
hashlib = [
    {file = "hashlib-20060408a.win32-py2.4-openssl.exe", hash = "sha256:6ece4dbc12a71cd24793e5a06ba72f0ee0142affea6593842e5520f400ec9dbb"},
    {file = "hashlib-20081119.zip", hash = "sha256:419de2fd10ae71ed9c6adcb55903f116abd1d8acc8c814dfd5f839b4d5013e38"},
]
importlib-metadata = [
    {file = "importlib_metadata-4.5.0-py3-none-any.whl", hash = "sha256:833b26fb89d5de469b24a390e9df088d4e52e4ba33b01dc5e0e4f41b81a16c00"},
    {file = "importlib_metadata-4.5.0.tar.gz", hash = "sha256:b142cc1dd1342f31ff04bb7d022492b09920cb64fed867cd3ea6f80fe3ebd139"},
]
mccabe = [
    {file = "mccabe-0.6.1-py2.py3-none-any.whl", hash = "sha256:ab8a6258860da4b6677da4bd2fe5dc2c659cff31b3ee4f7f5d64e79735b80d42"},
    {file = "mccabe-0.6.1.tar.gz", hash = "sha256:dd8d182285a0fe56bace7f45b5e7d1a6ebcbf524e8f3bd87eb0f125271b8831f"},
]
pycodestyle = [
    {file = "pycodestyle-2.7.0-py2.py3-none-any.whl", hash = "sha256:514f76d918fcc0b55c6680472f0a37970994e07bbb80725808c17089be302068"},
    {file = "pycodestyle-2.7.0.tar.gz", hash = "sha256:c389c1d06bf7904078ca03399a4816f974a1d590090fecea0c63ec26ebaf1cef"},
]
pyflakes = [
    {file = "pyflakes-2.3.1-py2.py3-none-any.whl", hash = "sha256:7893783d01b8a89811dd72d7dfd4d84ff098e5eed95cfa8905b22bbffe52efc3"},
    {file = "pyflakes-2.3.1.tar.gz", hash = "sha256:f5bc8ecabc05bb9d291eb5203d6810b49040f6ff446a756326104746cc00c1db"},
]
redis = [
    {file = "redis-3.5.3-py2.py3-none-any.whl", hash = "sha256:432b788c4530cfe16d8d943a09d40ca6c16149727e4afe8c2c9d5580c59d9f24"},
    {file = "redis-3.5.3.tar.gz", hash = "sha256:0e7e0cfca8660dea8b7d5cd8c4f6c5e29e11f31158c0b0ae91a397f00e5a05a2"},
]
slack-bolt = [
    {file = "slack_bolt-1.6.1-py2.py3-none-any.whl", hash = "sha256:3589b3c98c584256b3a8a4e64a3152db5b0f11e5b03cd9f441b29c9879323be8"},
    {file = "slack_bolt-1.6.1.tar.gz", hash = "sha256:b0e6c18b74332c0cb3f4174ec7847fbfbbe4f8370f91bc8c006f0c9d01c05beb"},
]
slack-sdk = [
    {file = "slack_sdk-3.6.0-py2.py3-none-any.whl", hash = "sha256:e1b257923a1ef88b8620dd3abff94dc5b3eee16ef37975d101ba9e60123ac3af"},
    {file = "slack_sdk-3.6.0.tar.gz", hash = "sha256:195f044e02a2844579a7a26818ce323e85dde8de224730c859644918d793399e"},
]
typing-extensions = [
    {file = "typing_extensions-3.10.0.0-py2-none-any.whl", hash = "sha256:0ac0f89795dd19de6b97debb0c6af1c70987fd80a2d62d1958f7e56fcc31b497"},
    {file = "typing_extensions-3.10.0.0-py3-none-any.whl", hash = "sha256:779383f6086d90c99ae41cf0ff39aac8a7937a9283ce0a414e5dd782f4c94a84"},
    {file = "typing_extensions-3.10.0.0.tar.gz", hash = "sha256:50b6f157849174217d0656f99dc82fe932884fb250826c18350e159ec6cdf342"},
]
zipp = [
    {file = "zipp-3.4.1-py3-none-any.whl", hash = "sha256:51cb66cc54621609dd593d1787f286ee42a5c0adbb4b29abea5a63edc3e03098"},
    {file = "zipp-3.4.1.tar.gz", hash = "sha256:3607921face881ba3e026887d8150cca609d517579abe052ac81fc5aeffdbd76"},
]
